
Microsoft Visual Studio Solution File, Format Version 12.00
# Visual Studio Version 17
VisualStudioVersion = 17.1.32228.430
MinimumVisualStudioVersion = 10.0.40219.1
Project("{9A19103F-16F7-4668-BE54-9A1E7A4F7556}") = "View", "View\View.csproj", "{47679E07-C607-49DE-8636-06E9AB311B71}"
EndProject
Project("{9A19103F-16F7-4668-BE54-9A1E7A4F7556}") = "Model", "Model\Model.csproj", "{5E75C0A9-54A6-482E-A61A-210561FD9668}"
EndProject
Project("{9A19103F-16F7-4668-BE54-9A1E7A4F7556}") = "Controller", "Controller\Controller.csproj", "{877E7034-D1C5-4C9A-8F58-921D5195F231}"
EndProject
Global
	GlobalSection(SolutionConfigurationPlatforms) = preSolution
		Debug|Any CPU = Debug|Any CPU
		Release|Any CPU = Release|Any CPU
	EndGlobalSection
	GlobalSection(ProjectConfigurationPlatforms) = postSolution
		{47679E07-C607-49DE-8636-06E9AB311B71}.Debug|Any CPU.ActiveCfg = Debug|Any CPU
		{47679E07-C607-49DE-8636-06E9AB311B71}.Debug|Any CPU.Build.0 = Debug|Any CPU
		{47679E07-C607-49DE-8636-06E9AB311B71}.Release|Any CPU.ActiveCfg = Release|Any CPU
		{47679E07-C607-49DE-8636-06E9AB311B71}.Release|Any CPU.Build.0 = Release|Any CPU
		{5E75C0A9-54A6-482E-A61A-210561FD9668}.Debug|Any CPU.ActiveCfg = Debug|Any CPU
		{5E75C0A9-54A6-482E-A61A-210561FD9668}.Debug|Any CPU.Build.0 = Debug|Any CPU
		{5E75C0A9-54A6-482E-A61A-210561FD9668}.Release|Any CPU.ActiveCfg = Release|Any CPU
		{5E75C0A9-54A6-482E-A61A-210561FD9668}.Release|Any CPU.Build.0 = Release|Any CPU
		{877E7034-D1C5-4C9A-8F58-921D5195F231}.Debug|Any CPU.ActiveCfg = Debug|Any CPU
		{877E7034-D1C5-4C9A-8F58-921D5195F231}.Debug|Any CPU.Build.0 = Debug|Any CPU
		{877E7034-D1C5-4C9A-8F58-921D5195F231}.Release|Any CPU.ActiveCfg = Release|Any CPU
		{877E7034-D1C5-4C9A-8F58-921D5195F231}.Release|Any CPU.Build.0 = Release|Any CPU
	EndGlobalSection
	GlobalSection(SolutionProperties) = preSolution
		HideSolutionNode = FALSE
	EndGlobalSection
	GlobalSection(ExtensibilityGlobals) = postSolution
		SolutionGuid = {D0B750B4-431F-48D1-A06C-50DCAA1B0B99}
	EndGlobalSection
EndGlobal
